
Microsoft Visual Studio Solution File, Format Version 12.00
# Visual Studio Version 17
VisualStudioVersion = 17.0.31903.59
MinimumVisualStudioVersion = 10.0.40219.1
Project("{FAE04EC0-301F-11D3-BF4B-00C04F79EFBC}") = "Chat", "Chat.API\Chat.API.csproj", "{A5D436FD-1487-468B-B81D-0025E1B51ECF}"
EndProject
Project("{FAE04EC0-301F-11D3-BF4B-00C04F79EFBC}") = "Authentication.API", "Authentication.API\Authentication.API.csproj", "{9FD9A990-0595-4203-BA4C-CED5114C73DD}"
EndProject
Project("{FAE04EC0-301F-11D3-BF4B-00C04F79EFBC}") = "Domain", "Domain\Domain.csproj", "{204FC6C6-A573-4C99-9A2F-BC318301A021}"
EndProject
Project("{FAE04EC0-301F-11D3-BF4B-00C04F79EFBC}") = "Infrastructure", "Infrastructure\Infrastructure.csproj", "{A123EB2F-607D-4409-90E2-CC2FDA74E609}"
EndProject
Project("{FAE04EC0-301F-11D3-BF4B-00C04F79EFBC}") = "Notification.API", "Notification.API\Notification.API.csproj", "{4A452DA2-D100-494F-A312-05DA0EE94E90}"
EndProject
Global
	GlobalSection(SolutionConfigurationPlatforms) = preSolution
		Debug|Any CPU = Debug|Any CPU
		Release|Any CPU = Release|Any CPU
	EndGlobalSection
	GlobalSection(SolutionProperties) = preSolution
		HideSolutionNode = FALSE
	EndGlobalSection
	GlobalSection(ProjectConfigurationPlatforms) = postSolution
		{A5D436FD-1487-468B-B81D-0025E1B51ECF}.Debug|Any CPU.ActiveCfg = Debug|Any CPU
		{A5D436FD-1487-468B-B81D-0025E1B51ECF}.Debug|Any CPU.Build.0 = Debug|Any CPU
		{A5D436FD-1487-468B-B81D-0025E1B51ECF}.Release|Any CPU.ActiveCfg = Release|Any CPU
		{A5D436FD-1487-468B-B81D-0025E1B51ECF}.Release|Any CPU.Build.0 = Release|Any CPU
		{9FD9A990-0595-4203-BA4C-CED5114C73DD}.Debug|Any CPU.ActiveCfg = Debug|Any CPU
		{9FD9A990-0595-4203-BA4C-CED5114C73DD}.Debug|Any CPU.Build.0 = Debug|Any CPU
		{9FD9A990-0595-4203-BA4C-CED5114C73DD}.Release|Any CPU.ActiveCfg = Release|Any CPU
		{9FD9A990-0595-4203-BA4C-CED5114C73DD}.Release|Any CPU.Build.0 = Release|Any CPU
		{204FC6C6-A573-4C99-9A2F-BC318301A021}.Debug|Any CPU.ActiveCfg = Debug|Any CPU
		{204FC6C6-A573-4C99-9A2F-BC318301A021}.Debug|Any CPU.Build.0 = Debug|Any CPU
		{204FC6C6-A573-4C99-9A2F-BC318301A021}.Release|Any CPU.ActiveCfg = Release|Any CPU
		{204FC6C6-A573-4C99-9A2F-BC318301A021}.Release|Any CPU.Build.0 = Release|Any CPU
		{A123EB2F-607D-4409-90E2-CC2FDA74E609}.Debug|Any CPU.ActiveCfg = Debug|Any CPU
		{A123EB2F-607D-4409-90E2-CC2FDA74E609}.Debug|Any CPU.Build.0 = Debug|Any CPU
		{A123EB2F-607D-4409-90E2-CC2FDA74E609}.Release|Any CPU.ActiveCfg = Release|Any CPU
		{A123EB2F-607D-4409-90E2-CC2FDA74E609}.Release|Any CPU.Build.0 = Release|Any CPU
		{4A452DA2-D100-494F-A312-05DA0EE94E90}.Debug|Any CPU.ActiveCfg = Debug|Any CPU
		{4A452DA2-D100-494F-A312-05DA0EE94E90}.Debug|Any CPU.Build.0 = Debug|Any CPU
		{4A452DA2-D100-494F-A312-05DA0EE94E90}.Release|Any CPU.ActiveCfg = Release|Any CPU
		{4A452DA2-D100-494F-A312-05DA0EE94E90}.Release|Any CPU.Build.0 = Release|Any CPU
	EndGlobalSection
EndGlobal
